// !$*UTF8*$!
{
	archiveVersion = 1;
	classes = {
	};
	objectVersion = 56;
	objects = {

/* Begin PBXBuildFile section */
		6D0E33992A33F033008B01E7 /* DancasinfoView.swift in Sources */ = {isa = PBXBuildFile; fileRef = 6D0E33982A33F033008B01E7 /* DancasinfoView.swift */; };
		6D8A85962A3393B0002C4246 /* Teladedança.swift in Sources */ = {isa = PBXBuildFile; fileRef = 6D8A85952A3393B0002C4246 /* Teladedança.swift */; };
		6DBD37222A33969B0065A615 /* dancasinfo.swift in Sources */ = {isa = PBXBuildFile; fileRef = 6DBD37212A33969B0065A615 /* dancasinfo.swift */; };
		6DBD37282A33DA550065A615 /* dancascardlistView.swift in Sources */ = {isa = PBXBuildFile; fileRef = 6DBD37272A33DA550065A615 /* dancascardlistView.swift */; };
		6DDF84062A33927C003A6B15 /* appdedancinhaApp.swift in Sources */ = {isa = PBXBuildFile; fileRef = 6DDF84052A33927C003A6B15 /* appdedancinhaApp.swift */; };
		6DDF84082A33927C003A6B15 /* ContentView.swift in Sources */ = {isa = PBXBuildFile; fileRef = 6DDF84072A33927C003A6B15 /* ContentView.swift */; };
		6DDF840A2A339281003A6B15 /* Assets.xcassets in Resources */ = {isa = PBXBuildFile; fileRef = 6DDF84092A339281003A6B15 /* Assets.xcassets */; };
		6DDF840D2A339281003A6B15 /* Preview Assets.xcassets in Resources */ = {isa = PBXBuildFile; fileRef = 6DDF840C2A339281003A6B15 /* Preview Assets.xcassets */; };
		6DDF84172A339281003A6B15 /* appdedancinhaTests.swift in Sources */ = {isa = PBXBuildFile; fileRef = 6DDF84162A339281003A6B15 /* appdedancinhaTests.swift */; };
		6DDF84212A339281003A6B15 /* appdedancinhaUITests.swift in Sources */ = {isa = PBXBuildFile; fileRef = 6DDF84202A339281003A6B15 /* appdedancinhaUITests.swift */; };
		6DDF84232A339281003A6B15 /* appdedancinhaUITestsLaunchTests.swift in Sources */ = {isa = PBXBuildFile; fileRef = 6DDF84222A339281003A6B15 /* appdedancinhaUITestsLaunchTests.swift */; };
		6DDF84302A339349003A6B15 /* Telainicial.swift in Sources */ = {isa = PBXBuildFile; fileRef = 6DDF842F2A339349003A6B15 /* Telainicial.swift */; };
		6DDF84322A33936A003A6B15 /* Teladeperfil.swift in Sources */ = {isa = PBXBuildFile; fileRef = 6DDF84312A33936A003A6B15 /* Teladeperfil.swift */; };
/* End PBXBuildFile section */

/* Begin PBXContainerItemProxy section */
		6DDF84132A339281003A6B15 /* PBXContainerItemProxy */ = {
			isa = PBXContainerItemProxy;
			containerPortal = 6DDF83FA2A33927C003A6B15 /* Project object */;
			proxyType = 1;
			remoteGlobalIDString = 6DDF84012A33927C003A6B15;
			remoteInfo = appdedancinha;
		};
		6DDF841D2A339281003A6B15 /* PBXContainerItemProxy */ = {
			isa = PBXContainerItemProxy;
			containerPortal = 6DDF83FA2A33927C003A6B15 /* Project object */;
			proxyType = 1;
			remoteGlobalIDString = 6DDF84012A33927C003A6B15;
			remoteInfo = appdedancinha;
		};
/* End PBXContainerItemProxy section */

/* Begin PBXFileReference section */
		6D0E33982A33F033008B01E7 /* DancasinfoView.swift */ = {isa = PBXFileReference; lastKnownFileType = sourcecode.swift; path = DancasinfoView.swift; sourceTree = "<group>"; };
		6D8A85952A3393B0002C4246 /* Teladedança.swift */ = {isa = PBXFileReference; lastKnownFileType = sourcecode.swift; path = "Teladedança.swift"; sourceTree = "<group>"; };
		6DBD37212A33969B0065A615 /* dancasinfo.swift */ = {isa = PBXFileReference; lastKnownFileType = sourcecode.swift; path = dancasinfo.swift; sourceTree = "<group>"; };
		6DBD37272A33DA550065A615 /* dancascardlistView.swift */ = {isa = PBXFileReference; lastKnownFileType = sourcecode.swift; path = dancascardlistView.swift; sourceTree = "<group>"; };
		6DDF84022A33927C003A6B15 /* appdedancinha.app */ = {isa = PBXFileReference; explicitFileType = wrapper.application; includeInIndex = 0; path = appdedancinha.app; sourceTree = BUILT_PRODUCTS_DIR; };
		6DDF84052A33927C003A6B15 /* appdedancinhaApp.swift */ = {isa = PBXFileReference; lastKnownFileType = sourcecode.swift; path = appdedancinhaApp.swift; sourceTree = "<group>"; };
		6DDF84072A33927C003A6B15 /* ContentView.swift */ = {isa = PBXFileReference; lastKnownFileType = sourcecode.swift; path = ContentView.swift; sourceTree = "<group>"; };
		6DDF84092A339281003A6B15 /* Assets.xcassets */ = {isa = PBXFileReference; lastKnownFileType = folder.assetcatalog; path = Assets.xcassets; sourceTree = "<group>"; };
		6DDF840C2A339281003A6B15 /* Preview Assets.xcassets */ = {isa = PBXFileReference; lastKnownFileType = folder.assetcatalog; path = "Preview Assets.xcassets"; sourceTree = "<group>"; };
		6DDF84122A339281003A6B15 /* appdedancinhaTests.xctest */ = {isa = PBXFileReference; explicitFileType = wrapper.cfbundle; includeInIndex = 0; path = appdedancinhaTests.xctest; sourceTree = BUILT_PRODUCTS_DIR; };
		6DDF84162A339281003A6B15 /* appdedancinhaTests.swift */ = {isa = PBXFileReference; lastKnownFileType = sourcecode.swift; path = appdedancinhaTests.swift; sourceTree = "<group>"; };
		6DDF841C2A339281003A6B15 /* appdedancinhaUITests.xctest */ = {isa = PBXFileReference; explicitFileType = wrapper.cfbundle; includeInIndex = 0; path = appdedancinhaUITests.xctest; sourceTree = BUILT_PRODUCTS_DIR; };
		6DDF84202A339281003A6B15 /* appdedancinhaUITests.swift */ = {isa = PBXFileReference; lastKnownFileType = sourcecode.swift; path = appdedancinhaUITests.swift; sourceTree = "<group>"; };
		6DDF84222A339281003A6B15 /* appdedancinhaUITestsLaunchTests.swift */ = {isa = PBXFileReference; lastKnownFileType = sourcecode.swift; path = appdedancinhaUITestsLaunchTests.swift; sourceTree = "<group>"; };
		6DDF842F2A339349003A6B15 /* Telainicial.swift */ = {isa = PBXFileReference; lastKnownFileType = sourcecode.swift; path = Telainicial.swift; sourceTree = "<group>"; };
		6DDF84312A33936A003A6B15 /* Teladeperfil.swift */ = {isa = PBXFileReference; lastKnownFileType = sourcecode.swift; path = Teladeperfil.swift; sourceTree = "<group>"; };
/* End PBXFileReference section */

/* Begin PBXFrameworksBuildPhase section */
		6DDF83FF2A33927C003A6B15 /* Frameworks */ = {
			isa = PBXFrameworksBuildPhase;
			buildActionMask = 2147483647;
			files = (
			);
			runOnlyForDeploymentPostprocessing = 0;
		};
		6DDF840F2A339281003A6B15 /* Frameworks */ = {
			isa = PBXFrameworksBuildPhase;
			buildActionMask = 2147483647;
			files = (
			);
			runOnlyForDeploymentPostprocessing = 0;
		};
		6DDF84192A339281003A6B15 /* Frameworks */ = {
			isa = PBXFrameworksBuildPhase;
			buildActionMask = 2147483647;
			files = (
			);
			runOnlyForDeploymentPostprocessing = 0;
		};
/* End PBXFrameworksBuildPhase section */

/* Begin PBXGroup section */
		6DDF83F92A33927C003A6B15 = {
			isa = PBXGroup;
			children = (
				6DDF84042A33927C003A6B15 /* appdedancinha */,
				6DDF84152A339281003A6B15 /* appdedancinhaTests */,
				6DDF841F2A339281003A6B15 /* appdedancinhaUITests */,
				6DDF84032A33927C003A6B15 /* Products */,
			);
			sourceTree = "<group>";
		};
		6DDF84032A33927C003A6B15 /* Products */ = {
			isa = PBXGroup;
			children = (
				6DDF84022A33927C003A6B15 /* appdedancinha.app */,
				6DDF84122A339281003A6B15 /* appdedancinhaTests.xctest */,
				6DDF841C2A339281003A6B15 /* appdedancinhaUITests.xctest */,
			);
			name = Products;
			sourceTree = "<group>";
		};
		6DDF84042A33927C003A6B15 /* appdedancinha */ = {
			isa = PBXGroup;
			children = (
				6DDF84052A33927C003A6B15 /* appdedancinhaApp.swift */,
				6DDF84072A33927C003A6B15 /* ContentView.swift */,
				6DDF84092A339281003A6B15 /* Assets.xcassets */,
				6DDF840B2A339281003A6B15 /* Preview Content */,
				6DDF842F2A339349003A6B15 /* Telainicial.swift */,
				6DDF84312A33936A003A6B15 /* Teladeperfil.swift */,
				6D8A85952A3393B0002C4246 /* Teladedança.swift */,
				6DBD37212A33969B0065A615 /* dancasinfo.swift */,
				6DBD37272A33DA550065A615 /* dancascardlistView.swift */,
				6D0E33982A33F033008B01E7 /* DancasinfoView.swift */,
			);
			path = appdedancinha;
			sourceTree = "<group>";
		};
		6DDF840B2A339281003A6B15 /* Preview Content */ = {
			isa = PBXGroup;
			children = (
				6DDF840C2A339281003A6B15 /* Preview Assets.xcassets */,
			);
			path = "Preview Content";
			sourceTree = "<group>";
		};
		6DDF84152A339281003A6B15 /* appdedancinhaTests */ = {
			isa = PBXGroup;
			children = (
				6DDF84162A339281003A6B15 /* appdedancinhaTests.swift */,
			);
			path = appdedancinhaTests;
			sourceTree = "<group>";
		};
		6DDF841F2A339281003A6B15 /* appdedancinhaUITests */ = {
			isa = PBXGroup;
			children = (
				6DDF84202A339281003A6B15 /* appdedancinhaUITests.swift */,
				6DDF84222A339281003A6B15 /* appdedancinhaUITestsLaunchTests.swift */,
			);
			path = appdedancinhaUITests;
			sourceTree = "<group>";
		};
/* End PBXGroup section */

/* Begin PBXNativeTarget section */
		6DDF84012A33927C003A6B15 /* appdedancinha */ = {
			isa = PBXNativeTarget;
			buildConfigurationList = 6DDF84262A339281003A6B15 /* Build configuration list for PBXNativeTarget "appdedancinha" */;
			buildPhases = (
				6DDF83FE2A33927C003A6B15 /* Sources */,
				6DDF83FF2A33927C003A6B15 /* Frameworks */,
				6DDF84002A33927C003A6B15 /* Resources */,
			);
			buildRules = (
			);
			dependencies = (
			);
			name = appdedancinha;
			productName = appdedancinha;
			productReference = 6DDF84022A33927C003A6B15 /* appdedancinha.app */;
			productType = "com.apple.product-type.application";
		};
		6DDF84112A339281003A6B15 /* appdedancinhaTests */ = {
			isa = PBXNativeTarget;
			buildConfigurationList = 6DDF84292A339281003A6B15 /* Build configuration list for PBXNativeTarget "appdedancinhaTests" */;
			buildPhases = (
				6DDF840E2A339281003A6B15 /* Sources */,
				6DDF840F2A339281003A6B15 /* Frameworks */,
				6DDF84102A339281003A6B15 /* Resources */,
			);
			buildRules = (
			);
			dependencies = (
				6DDF84142A339281003A6B15 /* PBXTargetDependency */,
			);
			name = appdedancinhaTests;
			productName = appdedancinhaTests;
			productReference = 6DDF84122A339281003A6B15 /* appdedancinhaTests.xctest */;
			productType = "com.apple.product-type.bundle.unit-test";
		};
		6DDF841B2A339281003A6B15 /* appdedancinhaUITests */ = {
			isa = PBXNativeTarget;
			buildConfigurationList = 6DDF842C2A339281003A6B15 /* Build configuration list for PBXNativeTarget "appdedancinhaUITests" */;
			buildPhases = (
				6DDF84182A339281003A6B15 /* Sources */,
				6DDF84192A339281003A6B15 /* Frameworks */,
				6DDF841A2A339281003A6B15 /* Resources */,
			);
			buildRules = (
			);
			dependencies = (
				6DDF841E2A339281003A6B15 /* PBXTargetDependency */,
			);
			name = appdedancinhaUITests;
			productName = appdedancinhaUITests;
			productReference = 6DDF841C2A339281003A6B15 /* appdedancinhaUITests.xctest */;
			productType = "com.apple.product-type.bundle.ui-testing";
		};
/* End PBXNativeTarget section */

/* Begin PBXProject section */
		6DDF83FA2A33927C003A6B15 /* Project object */ = {
			isa = PBXProject;
			attributes = {
				BuildIndependentTargetsInParallel = 1;
				LastSwiftUpdateCheck = 1430;
				LastUpgradeCheck = 1430;
				TargetAttributes = {
					6DDF84012A33927C003A6B15 = {
						CreatedOnToolsVersion = 14.3.1;
					};
					6DDF84112A339281003A6B15 = {
						CreatedOnToolsVersion = 14.3.1;
						TestTargetID = 6DDF84012A33927C003A6B15;
					};
					6DDF841B2A339281003A6B15 = {
						CreatedOnToolsVersion = 14.3.1;
						TestTargetID = 6DDF84012A33927C003A6B15;
					};
				};
			};
			buildConfigurationList = 6DDF83FD2A33927C003A6B15 /* Build configuration list for PBXProject "appdedancinha" */;
			compatibilityVersion = "Xcode 14.0";
			developmentRegion = en;
			hasScannedForEncodings = 0;
			knownRegions = (
				en,
				Base,
			);
			mainGroup = 6DDF83F92A33927C003A6B15;
			productRefGroup = 6DDF84032A33927C003A6B15 /* Products */;
			projectDirPath = "";
			projectRoot = "";
			targets = (
				6DDF84012A33927C003A6B15 /* appdedancinha */,
				6DDF84112A339281003A6B15 /* appdedancinhaTests */,
				6DDF841B2A339281003A6B15 /* appdedancinhaUITests */,
			);
		};
/* End PBXProject section */

/* Begin PBXResourcesBuildPhase section */
		6DDF84002A33927C003A6B15 /* Resources */ = {
			isa = PBXResourcesBuildPhase;
			buildActionMask = 2147483647;
			files = (
				6DDF840D2A339281003A6B15 /* Preview Assets.xcassets in Resources */,
				6DDF840A2A339281003A6B15 /* Assets.xcassets in Resources */,
			);
			runOnlyForDeploymentPostprocessing = 0;
		};
		6DDF84102A339281003A6B15 /* Resources */ = {
			isa = PBXResourcesBuildPhase;
			buildActionMask = 2147483647;
			files = (
			);
			runOnlyForDeploymentPostprocessing = 0;
		};
		6DDF841A2A339281003A6B15 /* Resources */ = {
			isa = PBXResourcesBuildPhase;
			buildActionMask = 2147483647;
			files = (
			);
			runOnlyForDeploymentPostprocessing = 0;
		};
/* End PBXResourcesBuildPhase section */

/* Begin PBXSourcesBuildPhase section */
		6DDF83FE2A33927C003A6B15 /* Sources */ = {
			isa = PBXSourcesBuildPhase;
			buildActionMask = 2147483647;
			files = (
				6D0E33992A33F033008B01E7 /* DancasinfoView.swift in Sources */,
				6DDF84302A339349003A6B15 /* Telainicial.swift in Sources */,
				6DDF84082A33927C003A6B15 /* ContentView.swift in Sources */,
				6D8A85962A3393B0002C4246 /* Teladedança.swift in Sources */,
				6DBD37222A33969B0065A615 /* dancasinfo.swift in Sources */,
				6DDF84322A33936A003A6B15 /* Teladeperfil.swift in Sources */,
				6DBD37282A33DA550065A615 /* dancascardlistView.swift in Sources */,
				6DDF84062A33927C003A6B15 /* appdedancinhaApp.swift in Sources */,
			);
			runOnlyForDeploymentPostprocessing = 0;
		};
		6DDF840E2A339281003A6B15 /* Sources */ = {
			isa = PBXSourcesBuildPhase;
			buildActionMask = 2147483647;
			files = (
				6DDF84172A339281003A6B15 /* appdedancinhaTests.swift in Sources */,
			);
			runOnlyForDeploymentPostprocessing = 0;
		};
		6DDF84182A339281003A6B15 /* Sources */ = {
			isa = PBXSourcesBuildPhase;
			buildActionMask = 2147483647;
			files = (
				6DDF84212A339281003A6B15 /* appdedancinhaUITests.swift in Sources */,
				6DDF84232A339281003A6B15 /* appdedancinhaUITestsLaunchTests.swift in Sources */,
			);
			runOnlyForDeploymentPostprocessing = 0;
		};
/* End PBXSourcesBuildPhase section */

/* Begin PBXTargetDependency section */
		6DDF84142A339281003A6B15 /* PBXTargetDependency */ = {
			isa = PBXTargetDependency;
			target = 6DDF84012A33927C003A6B15 /* appdedancinha */;
			targetProxy = 6DDF84132A339281003A6B15 /* PBXContainerItemProxy */;
		};
		6DDF841E2A339281003A6B15 /* PBXTargetDependency */ = {
			isa = PBXTargetDependency;
			target = 6DDF84012A33927C003A6B15 /* appdedancinha */;
			targetProxy = 6DDF841D2A339281003A6B15 /* PBXContainerItemProxy */;
		};
/* End PBXTargetDependency section */

/* Begin XCBuildConfiguration section */
		6DDF84242A339281003A6B15 /* Debug */ = {
			isa = XCBuildConfiguration;
			buildSettings = {
				ALWAYS_SEARCH_USER_PATHS = NO;
				CLANG_ANALYZER_NONNULL = YES;
				CLANG_ANALYZER_NUMBER_OBJECT_CONVERSION = YES_AGGRESSIVE;
				CLANG_CXX_LANGUAGE_STANDARD = "gnu++20";
				CLANG_ENABLE_MODULES = YES;
				CLANG_ENABLE_OBJC_ARC = YES;
				CLANG_ENABLE_OBJC_WEAK = YES;
				CLANG_WARN_BLOCK_CAPTURE_AUTORELEASING = YES;
				CLANG_WARN_BOOL_CONVERSION = YES;
				CLANG_WARN_COMMA = YES;
				CLANG_WARN_CONSTANT_CONVERSION = YES;
				CLANG_WARN_DEPRECATED_OBJC_IMPLEMENTATIONS = YES;
				CLANG_WARN_DIRECT_OBJC_ISA_USAGE = YES_ERROR;
				CLANG_WARN_DOCUMENTATION_COMMENTS = YES;
				CLANG_WARN_EMPTY_BODY = YES;
				CLANG_WARN_ENUM_CONVERSION = YES;
				CLANG_WARN_INFINITE_RECURSION = YES;
				CLANG_WARN_INT_CONVERSION = YES;
				CLANG_WARN_NON_LITERAL_NULL_CONVERSION = YES;
				CLANG_WARN_OBJC_IMPLICIT_RETAIN_SELF = YES;
				CLANG_WARN_OBJC_LITERAL_CONVERSION = YES;
				CLANG_WARN_OBJC_ROOT_CLASS = YES_ERROR;
				CLANG_WARN_QUOTED_INCLUDE_IN_FRAMEWORK_HEADER = YES;
				CLANG_WARN_RANGE_LOOP_ANALYSIS = YES;
				CLANG_WARN_STRICT_PROTOTYPES = YES;
				CLANG_WARN_SUSPICIOUS_MOVE = YES;
				CLANG_WARN_UNGUARDED_AVAILABILITY = YES_AGGRESSIVE;
				CLANG_WARN_UNREACHABLE_CODE = YES;
				CLANG_WARN__DUPLICATE_METHOD_MATCH = YES;
				COPY_PHASE_STRIP = NO;
				DEBUG_INFORMATION_FORMAT = dwarf;
				ENABLE_STRICT_OBJC_MSGSEND = YES;
				ENABLE_TESTABILITY = YES;
				GCC_C_LANGUAGE_STANDARD = gnu11;
				GCC_DYNAMIC_NO_PIC = NO;
				GCC_NO_COMMON_BLOCKS = YES;
				GCC_OPTIMIZATION_LEVEL = 0;
				GCC_PREPROCESSOR_DEFINITIONS = (
					"DEBUG=1",
					"$(inherited)",
				);
				GCC_WARN_64_TO_32_BIT_CONVERSION = YES;
				GCC_WARN_ABOUT_RETURN_TYPE = YES_ERROR;
				GCC_WARN_UNDECLARED_SELECTOR = YES;
				GCC_WARN_UNINITIALIZED_AUTOS = YES_AGGRESSIVE;
				GCC_WARN_UNUSED_FUNCTION = YES;
				GCC_WARN_UNUSED_VARIABLE = YES;
				IPHONEOS_DEPLOYMENT_TARGET = 16.4;
				MTL_ENABLE_DEBUG_INFO = INCLUDE_SOURCE;
				MTL_FAST_MATH = YES;
				ONLY_ACTIVE_ARCH = YES;
				SDKROOT = iphoneos;
				SWIFT_ACTIVE_COMPILATION_CONDITIONS = DEBUG;
				SWIFT_OPTIMIZATION_LEVEL = "-Onone";
			};
			name = Debug;
		};
		6DDF84252A339281003A6B15 /* Release */ = {
			isa = XCBuildConfiguration;
			buildSettings = {
				ALWAYS_SEARCH_USER_PATHS = NO;
				CLANG_ANALYZER_NONNULL = YES;
				CLANG_ANALYZER_NUMBER_OBJECT_CONVERSION = YES_AGGRESSIVE;
				CLANG_CXX_LANGUAGE_STANDARD = "gnu++20";
				CLANG_ENABLE_MODULES = YES;
				CLANG_ENABLE_OBJC_ARC = YES;
				CLANG_ENABLE_OBJC_WEAK = YES;
				CLANG_WARN_BLOCK_CAPTURE_AUTORELEASING = YES;
				CLANG_WARN_BOOL_CONVERSION = YES;
				CLANG_WARN_COMMA = YES;
				CLANG_WARN_CONSTANT_CONVERSION = YES;
				CLANG_WARN_DEPRECATED_OBJC_IMPLEMENTATIONS = YES;
				CLANG_WARN_DIRECT_OBJC_ISA_USAGE = YES_ERROR;
				CLANG_WARN_DOCUMENTATION_COMMENTS = YES;
				CLANG_WARN_EMPTY_BODY = YES;
				CLANG_WARN_ENUM_CONVERSION = YES;
				CLANG_WARN_INFINITE_RECURSION = YES;
				CLANG_WARN_INT_CONVERSION = YES;
				CLANG_WARN_NON_LITERAL_NULL_CONVERSION = YES;
				CLANG_WARN_OBJC_IMPLICIT_RETAIN_SELF = YES;
				CLANG_WARN_OBJC_LITERAL_CONVERSION = YES;
				CLANG_WARN_OBJC_ROOT_CLASS = YES_ERROR;
				CLANG_WARN_QUOTED_INCLUDE_IN_FRAMEWORK_HEADER = YES;
				CLANG_WARN_RANGE_LOOP_ANALYSIS = YES;
				CLANG_WARN_STRICT_PROTOTYPES = YES;
				CLANG_WARN_SUSPICIOUS_MOVE = YES;
				CLANG_WARN_UNGUARDED_AVAILABILITY = YES_AGGRESSIVE;
				CLANG_WARN_UNREACHABLE_CODE = YES;
				CLANG_WARN__DUPLICATE_METHOD_MATCH = YES;
				COPY_PHASE_STRIP = NO;
				DEBUG_INFORMATION_FORMAT = "dwarf-with-dsym";
				ENABLE_NS_ASSERTIONS = NO;
				ENABLE_STRICT_OBJC_MSGSEND = YES;
				GCC_C_LANGUAGE_STANDARD = gnu11;
				GCC_NO_COMMON_BLOCKS = YES;
				GCC_WARN_64_TO_32_BIT_CONVERSION = YES;
				GCC_WARN_ABOUT_RETURN_TYPE = YES_ERROR;
				GCC_WARN_UNDECLARED_SELECTOR = YES;
				GCC_WARN_UNINITIALIZED_AUTOS = YES_AGGRESSIVE;
				GCC_WARN_UNUSED_FUNCTION = YES;
				GCC_WARN_UNUSED_VARIABLE = YES;
				IPHONEOS_DEPLOYMENT_TARGET = 16.4;
				MTL_ENABLE_DEBUG_INFO = NO;
				MTL_FAST_MATH = YES;
				SDKROOT = iphoneos;
				SWIFT_COMPILATION_MODE = wholemodule;
				SWIFT_OPTIMIZATION_LEVEL = "-O";
				VALIDATE_PRODUCT = YES;
			};
			name = Release;
		};
		6DDF84272A339281003A6B15 /* Debug */ = {
			isa = XCBuildConfiguration;
			buildSettings = {
				ASSETCATALOG_COMPILER_APPICON_NAME = AppIcon;
				ASSETCATALOG_COMPILER_GLOBAL_ACCENT_COLOR_NAME = AccentColor;
				CODE_SIGN_STYLE = Automatic;
				CURRENT_PROJECT_VERSION = 1;
				DEVELOPMENT_ASSET_PATHS = "\"appdedancinha/Preview Content\"";
				ENABLE_PREVIEWS = YES;
				GENERATE_INFOPLIST_FILE = YES;
				INFOPLIST_KEY_UIApplicationSceneManifest_Generation = YES;
				INFOPLIST_KEY_UIApplicationSupportsIndirectInputEvents = YES;
				INFOPLIST_KEY_UILaunchScreen_Generation = YES;
				INFOPLIST_KEY_UISupportedInterfaceOrientations_iPad = "UIInterfaceOrientationPortrait UIInterfaceOrientationPortraitUpsideDown UIInterfaceOrientationLandscapeLeft UIInterfaceOrientationLandscapeRight";
				INFOPLIST_KEY_UISupportedInterfaceOrientations_iPhone = "UIInterfaceOrientationPortrait UIInterfaceOrientationLandscapeLeft UIInterfaceOrientationLandscapeRight";
				LD_RUNPATH_SEARCH_PATHS = (
					"$(inherited)",
					"@executable_path/Frameworks",
				);
				MARKETING_VERSION = 1.0;
				PRODUCT_BUNDLE_IDENTIFIER = com.desafio.appdedancinha;
				PRODUCT_NAME = "$(TARGET_NAME)";
				SWIFT_EMIT_LOC_STRINGS = YES;
				SWIFT_VERSION = 5.0;
				TARGETED_DEVICE_FAMILY = "1,2";
			};
			name = Debug;
		};
		6DDF84282A339281003A6B15 /* Release */ = {
			isa = XCBuildConfiguration;
			buildSettings = {
				ASSETCATALOG_COMPILER_APPICON_NAME = AppIcon;
				ASSETCATALOG_COMPILER_GLOBAL_ACCENT_COLOR_NAME = AccentColor;
				CODE_SIGN_STYLE = Automatic;
				CURRENT_PROJECT_VERSION = 1;
				DEVELOPMENT_ASSET_PATHS = "\"appdedancinha/Preview Content\"";
				ENABLE_PREVIEWS = YES;
				GENERATE_INFOPLIST_FILE = YES;
				INFOPLIST_KEY_UIApplicationSceneManifest_Generation = YES;
				INFOPLIST_KEY_UIApplicationSupportsIndirectInputEvents = YES;
				INFOPLIST_KEY_UILaunchScreen_Generation = YES;
				INFOPLIST_KEY_UISupportedInterfaceOrientations_iPad = "UIInterfaceOrientationPortrait UIInterfaceOrientationPortraitUpsideDown UIInterfaceOrientationLandscapeLeft UIInterfaceOrientationLandscapeRight";
				INFOPLIST_KEY_UISupportedInterfaceOrientations_iPhone = "UIInterfaceOrientationPortrait UIInterfaceOrientationLandscapeLeft UIInterfaceOrientationLandscapeRight";
				LD_RUNPATH_SEARCH_PATHS = (
					"$(inherited)",
					"@executable_path/Frameworks",
				);
				MARKETING_VERSION = 1.0;
				PRODUCT_BUNDLE_IDENTIFIER = com.desafio.appdedancinha;
				PRODUCT_NAME = "$(TARGET_NAME)";
				SWIFT_EMIT_LOC_STRINGS = YES;
				SWIFT_VERSION = 5.0;
				TARGETED_DEVICE_FAMILY = "1,2";
			};
			name = Release;
		};
		6DDF842A2A339281003A6B15 /* Debug */ = {
			isa = XCBuildConfiguration;
			buildSettings = {
				ALWAYS_EMBED_SWIFT_STANDARD_LIBRARIES = YES;
				BUNDLE_LOADER = "$(TEST_HOST)";
				CODE_SIGN_STYLE = Automatic;
				CURRENT_PROJECT_VERSION = 1;
				GENERATE_INFOPLIST_FILE = YES;
				IPHONEOS_DEPLOYMENT_TARGET = 16.4;
				MARKETING_VERSION = 1.0;
				PRODUCT_BUNDLE_IDENTIFIER = com.desafio.appdedancinhaTests;
				PRODUCT_NAME = "$(TARGET_NAME)";
				SWIFT_EMIT_LOC_STRINGS = NO;
				SWIFT_VERSION = 5.0;
				TARGETED_DEVICE_FAMILY = "1,2";
				TEST_HOST = "$(BUILT_PRODUCTS_DIR)/appdedancinha.app/$(BUNDLE_EXECUTABLE_FOLDER_PATH)/appdedancinha";
			};
			name = Debug;
		};
		6DDF842B2A339281003A6B15 /* Release */ = {
			isa = XCBuildConfiguration;
			buildSettings = {
				ALWAYS_EMBED_SWIFT_STANDARD_LIBRARIES = YES;
				BUNDLE_LOADER = "$(TEST_HOST)";
				CODE_SIGN_STYLE = Automatic;
				CURRENT_PROJECT_VERSION = 1;
				GENERATE_INFOPLIST_FILE = YES;
				IPHONEOS_DEPLOYMENT_TARGET = 16.4;
				MARKETING_VERSION = 1.0;
				PRODUCT_BUNDLE_IDENTIFIER = com.desafio.appdedancinhaTests;
				PRODUCT_NAME = "$(TARGET_NAME)";
				SWIFT_EMIT_LOC_STRINGS = NO;
				SWIFT_VERSION = 5.0;
				TARGETED_DEVICE_FAMILY = "1,2";
				TEST_HOST = "$(BUILT_PRODUCTS_DIR)/appdedancinha.app/$(BUNDLE_EXECUTABLE_FOLDER_PATH)/appdedancinha";
			};
			name = Release;
		};
		6DDF842D2A339281003A6B15 /* Debug */ = {
			isa = XCBuildConfiguration;
			buildSettings = {
				ALWAYS_EMBED_SWIFT_STANDARD_LIBRARIES = YES;
				CODE_SIGN_STYLE = Automatic;
				CURRENT_PROJECT_VERSION = 1;
				GENERATE_INFOPLIST_FILE = YES;
				MARKETING_VERSION = 1.0;
				PRODUCT_BUNDLE_IDENTIFIER = com.desafio.appdedancinhaUITests;
				PRODUCT_NAME = "$(TARGET_NAME)";
				SWIFT_EMIT_LOC_STRINGS = NO;
				SWIFT_VERSION = 5.0;
				TARGETED_DEVICE_FAMILY = "1,2";
				TEST_TARGET_NAME = appdedancinha;
			};
			name = Debug;
		};
		6DDF842E2A339281003A6B15 /* Release */ = {
			isa = XCBuildConfiguration;
			buildSettings = {
				ALWAYS_EMBED_SWIFT_STANDARD_LIBRARIES = YES;
				CODE_SIGN_STYLE = Automatic;
				CURRENT_PROJECT_VERSION = 1;
				GENERATE_INFOPLIST_FILE = YES;
				MARKETING_VERSION = 1.0;
				PRODUCT_BUNDLE_IDENTIFIER = com.desafio.appdedancinhaUITests;
				PRODUCT_NAME = "$(TARGET_NAME)";
				SWIFT_EMIT_LOC_STRINGS = NO;
				SWIFT_VERSION = 5.0;
				TARGETED_DEVICE_FAMILY = "1,2";
				TEST_TARGET_NAME = appdedancinha;
			};
			name = Release;
		};
/* End XCBuildConfiguration section */

/* Begin XCConfigurationList section */
		6DDF83FD2A33927C003A6B15 /* Build configuration list for PBXProject "appdedancinha" */ = {
			isa = XCConfigurationList;
			buildConfigurations = (
				6DDF84242A339281003A6B15 /* Debug */,
				6DDF84252A339281003A6B15 /* Release */,
			);
			defaultConfigurationIsVisible = 0;
			defaultConfigurationName = Release;
		};
		6DDF84262A339281003A6B15 /* Build configuration list for PBXNativeTarget "appdedancinha" */ = {
			isa = XCConfigurationList;
			buildConfigurations = (
				6DDF84272A339281003A6B15 /* Debug */,
				6DDF84282A339281003A6B15 /* Release */,
			);
			defaultConfigurationIsVisible = 0;
			defaultConfigurationName = Release;
		};
		6DDF84292A339281003A6B15 /* Build configuration list for PBXNativeTarget "appdedancinhaTests" */ = {
			isa = XCConfigurationList;
			buildConfigurations = (
				6DDF842A2A339281003A6B15 /* Debug */,
				6DDF842B2A339281003A6B15 /* Release */,
			);
			defaultConfigurationIsVisible = 0;
			defaultConfigurationName = Release;
		};
		6DDF842C2A339281003A6B15 /* Build configuration list for PBXNativeTarget "appdedancinhaUITests" */ = {
			isa = XCConfigurationList;
			buildConfigurations = (
				6DDF842D2A339281003A6B15 /* Debug */,
				6DDF842E2A339281003A6B15 /* Release */,
			);
			defaultConfigurationIsVisible = 0;
			defaultConfigurationName = Release;
		};
/* End XCConfigurationList section */
	};
	rootObject = 6DDF83FA2A33927C003A6B15 /* Project object */;
}
